// !$*UTF8*$!
{
	archiveVersion = 1;
	classes = {
	};
	objectVersion = 55;
	objects = {

/* Begin PBXBuildFile section */
		BE3E3C922891EE4200D9ECE5 /* AppDelegate.swift in Sources */ = {isa = PBXBuildFile; fileRef = BE3E3C912891EE4200D9ECE5 /* AppDelegate.swift */; };
		BE3E3C942891EE4200D9ECE5 /* SceneDelegate.swift in Sources */ = {isa = PBXBuildFile; fileRef = BE3E3C932891EE4200D9ECE5 /* SceneDelegate.swift */; };
		BE3E3C992891EE4200D9ECE5 /* Main.storyboard in Resources */ = {isa = PBXBuildFile; fileRef = BE3E3C972891EE4200D9ECE5 /* Main.storyboard */; };
		BE3E3C9B2891EE4300D9ECE5 /* Assets.xcassets in Resources */ = {isa = PBXBuildFile; fileRef = BE3E3C9A2891EE4300D9ECE5 /* Assets.xcassets */; };
		BE3E3C9E2891EE4300D9ECE5 /* LaunchScreen.storyboard in Resources */ = {isa = PBXBuildFile; fileRef = BE3E3C9C2891EE4300D9ECE5 /* LaunchScreen.storyboard */; };
		BE3E3CAA289595B300D9ECE5 /* HomeViewController.swift in Sources */ = {isa = PBXBuildFile; fileRef = BE3E3CA9289595B300D9ECE5 /* HomeViewController.swift */; };
		BE3E3CAC2895964A00D9ECE5 /* LeaderboardViewController.swift in Sources */ = {isa = PBXBuildFile; fileRef = BE3E3CAB2895964A00D9ECE5 /* LeaderboardViewController.swift */; };
		BE3E3CAE2895965600D9ECE5 /* AddViewController.swift in Sources */ = {isa = PBXBuildFile; fileRef = BE3E3CAD2895965600D9ECE5 /* AddViewController.swift */; };
/* End PBXBuildFile section */

/* Begin PBXFileReference section */
		BE3E3C8E2891EE4200D9ECE5 /* finalproject.app */ = {isa = PBXFileReference; explicitFileType = wrapper.application; includeInIndex = 0; path = finalproject.app; sourceTree = BUILT_PRODUCTS_DIR; };
		BE3E3C912891EE4200D9ECE5 /* AppDelegate.swift */ = {isa = PBXFileReference; lastKnownFileType = sourcecode.swift; path = AppDelegate.swift; sourceTree = "<group>"; };
		BE3E3C932891EE4200D9ECE5 /* SceneDelegate.swift */ = {isa = PBXFileReference; lastKnownFileType = sourcecode.swift; path = SceneDelegate.swift; sourceTree = "<group>"; };
		BE3E3C982891EE4200D9ECE5 /* Base */ = {isa = PBXFileReference; lastKnownFileType = file.storyboard; name = Base; path = Base.lproj/Main.storyboard; sourceTree = "<group>"; };
		BE3E3C9A2891EE4300D9ECE5 /* Assets.xcassets */ = {isa = PBXFileReference; lastKnownFileType = folder.assetcatalog; path = Assets.xcassets; sourceTree = "<group>"; };
		BE3E3C9D2891EE4300D9ECE5 /* Base */ = {isa = PBXFileReference; lastKnownFileType = file.storyboard; name = Base; path = Base.lproj/LaunchScreen.storyboard; sourceTree = "<group>"; };
		BE3E3C9F2891EE4300D9ECE5 /* Info.plist */ = {isa = PBXFileReference; lastKnownFileType = text.plist.xml; path = Info.plist; sourceTree = "<group>"; };
		BE3E3CA9289595B300D9ECE5 /* HomeViewController.swift */ = {isa = PBXFileReference; lastKnownFileType = sourcecode.swift; path = HomeViewController.swift; sourceTree = "<group>"; };
		BE3E3CAB2895964A00D9ECE5 /* LeaderboardViewController.swift */ = {isa = PBXFileReference; lastKnownFileType = sourcecode.swift; path = LeaderboardViewController.swift; sourceTree = "<group>"; };
		BE3E3CAD2895965600D9ECE5 /* AddViewController.swift */ = {isa = PBXFileReference; lastKnownFileType = sourcecode.swift; path = AddViewController.swift; sourceTree = "<group>"; };
/* End PBXFileReference section */

/* Begin PBXFrameworksBuildPhase section */
		BE3E3C8B2891EE4200D9ECE5 /* Frameworks */ = {
			isa = PBXFrameworksBuildPhase;
			buildActionMask = 2147483647;
			files = (
			);
			runOnlyForDeploymentPostprocessing = 0;
		};
/* End PBXFrameworksBuildPhase section */

/* Begin PBXGroup section */
		BE3E3C852891EE4200D9ECE5 = {
			isa = PBXGroup;
			children = (
				BE3E3C902891EE4200D9ECE5 /* finalproject */,
				BE3E3C8F2891EE4200D9ECE5 /* Products */,
			);
			sourceTree = "<group>";
		};
		BE3E3C8F2891EE4200D9ECE5 /* Products */ = {
			isa = PBXGroup;
			children = (
				BE3E3C8E2891EE4200D9ECE5 /* finalproject.app */,
			);
			name = Products;
			sourceTree = "<group>";
		};
		BE3E3C902891EE4200D9ECE5 /* finalproject */ = {
			isa = PBXGroup;
			children = (
				BE3E3C912891EE4200D9ECE5 /* AppDelegate.swift */,
				BE3E3C932891EE4200D9ECE5 /* SceneDelegate.swift */,
				BE3E3CA9289595B300D9ECE5 /* HomeViewController.swift */,
				BE3E3CAD2895965600D9ECE5 /* AddViewController.swift */,
				BE3E3CAB2895964A00D9ECE5 /* LeaderboardViewController.swift */,
				BE3E3C972891EE4200D9ECE5 /* Main.storyboard */,
				BE3E3C9A2891EE4300D9ECE5 /* Assets.xcassets */,
				BE3E3C9C2891EE4300D9ECE5 /* LaunchScreen.storyboard */,
				BE3E3C9F2891EE4300D9ECE5 /* Info.plist */,
			);
			path = finalproject;
			sourceTree = "<group>";
		};
/* End PBXGroup section */

/* Begin PBXNativeTarget section */
		BE3E3C8D2891EE4200D9ECE5 /* finalproject */ = {
			isa = PBXNativeTarget;
			buildConfigurationList = BE3E3CA22891EE4300D9ECE5 /* Build configuration list for PBXNativeTarget "finalproject" */;
			buildPhases = (
				BE3E3C8A2891EE4200D9ECE5 /* Sources */,
				BE3E3C8B2891EE4200D9ECE5 /* Frameworks */,
				BE3E3C8C2891EE4200D9ECE5 /* Resources */,
			);
			buildRules = (
			);
			dependencies = (
			);
			name = finalproject;
			productName = finalproject;
			productReference = BE3E3C8E2891EE4200D9ECE5 /* finalproject.app */;
			productType = "com.apple.product-type.application";
		};
/* End PBXNativeTarget section */

/* Begin PBXProject section */
		BE3E3C862891EE4200D9ECE5 /* Project object */ = {
			isa = PBXProject;
			attributes = {
				BuildIndependentTargetsInParallel = 1;
				LastSwiftUpdateCheck = 1340;
				LastUpgradeCheck = 1340;
				TargetAttributes = {
					BE3E3C8D2891EE4200D9ECE5 = {
						CreatedOnToolsVersion = 13.4.1;
					};
				};
			};
			buildConfigurationList = BE3E3C892891EE4200D9ECE5 /* Build configuration list for PBXProject "finalproject" */;
			compatibilityVersion = "Xcode 13.0";
			developmentRegion = en;
			hasScannedForEncodings = 0;
			knownRegions = (
				en,
				Base,
			);
			mainGroup = BE3E3C852891EE4200D9ECE5;
			productRefGroup = BE3E3C8F2891EE4200D9ECE5 /* Products */;
			projectDirPath = "";
			projectRoot = "";
			targets = (
				BE3E3C8D2891EE4200D9ECE5 /* finalproject */,
			);
		};
/* End PBXProject section */

/* Begin PBXResourcesBuildPhase section */
		BE3E3C8C2891EE4200D9ECE5 /* Resources */ = {
			isa = PBXResourcesBuildPhase;
			buildActionMask = 2147483647;
			files = (
				BE3E3C9E2891EE4300D9ECE5 /* LaunchScreen.storyboard in Resources */,
				BE3E3C9B2891EE4300D9ECE5 /* Assets.xcassets in Resources */,
				BE3E3C992891EE4200D9ECE5 /* Main.storyboard in Resources */,
			);
			runOnlyForDeploymentPostprocessing = 0;
		};
/* End PBXResourcesBuildPhase section */

/* Begin PBXSourcesBuildPhase section */
		BE3E3C8A2891EE4200D9ECE5 /* Sources */ = {
			isa = PBXSourcesBuildPhase;
			buildActionMask = 2147483647;
			files = (
				BE3E3CAE2895965600D9ECE5 /* AddViewController.swift in Sources */,
				BE3E3C922891EE4200D9ECE5 /* AppDelegate.swift in Sources */,
				BE3E3C942891EE4200D9ECE5 /* SceneDelegate.swift in Sources */,
				BE3E3CAC2895964A00D9ECE5 /* LeaderboardViewController.swift in Sources */,
				BE3E3CAA289595B300D9ECE5 /* HomeViewController.swift in Sources */,
			);
			runOnlyForDeploymentPostprocessing = 0;
		};
/* End PBXSourcesBuildPhase section */

/* Begin PBXVariantGroup section */
		BE3E3C972891EE4200D9ECE5 /* Main.storyboard */ = {
			isa = PBXVariantGroup;
			children = (
				BE3E3C982891EE4200D9ECE5 /* Base */,
			);
			name = Main.storyboard;
			sourceTree = "<group>";
		};
		BE3E3C9C2891EE4300D9ECE5 /* LaunchScreen.storyboard */ = {
			isa = PBXVariantGroup;
			children = (
				BE3E3C9D2891EE4300D9ECE5 /* Base */,
			);
			name = LaunchScreen.storyboard;
			sourceTree = "<group>";
		};
/* End PBXVariantGroup section */

/* Begin XCBuildConfiguration section */
		BE3E3CA02891EE4300D9ECE5 /* Debug */ = {
			isa = XCBuildConfiguration;
			buildSettings = {
				ALWAYS_SEARCH_USER_PATHS = NO;
				CLANG_ANALYZER_NONNULL = YES;
				CLANG_ANALYZER_NUMBER_OBJECT_CONVERSION = YES_AGGRESSIVE;
				CLANG_CXX_LANGUAGE_STANDARD = "gnu++17";
				CLANG_ENABLE_MODULES = YES;
				CLANG_ENABLE_OBJC_ARC = YES;
				CLANG_ENABLE_OBJC_WEAK = YES;
				CLANG_WARN_BLOCK_CAPTURE_AUTORELEASING = YES;
				CLANG_WARN_BOOL_CONVERSION = YES;
				CLANG_WARN_COMMA = YES;
				CLANG_WARN_CONSTANT_CONVERSION = YES;
				CLANG_WARN_DEPRECATED_OBJC_IMPLEMENTATIONS = YES;
				CLANG_WARN_DIRECT_OBJC_ISA_USAGE = YES_ERROR;
				CLANG_WARN_DOCUMENTATION_COMMENTS = YES;
				CLANG_WARN_EMPTY_BODY = YES;
				CLANG_WARN_ENUM_CONVERSION = YES;
				CLANG_WARN_INFINITE_RECURSION = YES;
				CLANG_WARN_INT_CONVERSION = YES;
				CLANG_WARN_NON_LITERAL_NULL_CONVERSION = YES;
				CLANG_WARN_OBJC_IMPLICIT_RETAIN_SELF = YES;
				CLANG_WARN_OBJC_LITERAL_CONVERSION = YES;
				CLANG_WARN_OBJC_ROOT_CLASS = YES_ERROR;
				CLANG_WARN_QUOTED_INCLUDE_IN_FRAMEWORK_HEADER = YES;
				CLANG_WARN_RANGE_LOOP_ANALYSIS = YES;
				CLANG_WARN_STRICT_PROTOTYPES = YES;
				CLANG_WARN_SUSPICIOUS_MOVE = YES;
				CLANG_WARN_UNGUARDED_AVAILABILITY = YES_AGGRESSIVE;
				CLANG_WARN_UNREACHABLE_CODE = YES;
				CLANG_WARN__DUPLICATE_METHOD_MATCH = YES;
				COPY_PHASE_STRIP = NO;
				DEBUG_INFORMATION_FORMAT = dwarf;
				ENABLE_STRICT_OBJC_MSGSEND = YES;
				ENABLE_TESTABILITY = YES;
				GCC_C_LANGUAGE_STANDARD = gnu11;
				GCC_DYNAMIC_NO_PIC = NO;
				GCC_NO_COMMON_BLOCKS = YES;
				GCC_OPTIMIZATION_LEVEL = 0;
				GCC_PREPROCESSOR_DEFINITIONS = (
					"DEBUG=1",
					"$(inherited)",
				);
				GCC_WARN_64_TO_32_BIT_CONVERSION = YES;
				GCC_WARN_ABOUT_RETURN_TYPE = YES_ERROR;
				GCC_WARN_UNDECLARED_SELECTOR = YES;
				GCC_WARN_UNINITIALIZED_AUTOS = YES_AGGRESSIVE;
				GCC_WARN_UNUSED_FUNCTION = YES;
				GCC_WARN_UNUSED_VARIABLE = YES;
				IPHONEOS_DEPLOYMENT_TARGET = 15.5;
				MTL_ENABLE_DEBUG_INFO = INCLUDE_SOURCE;
				MTL_FAST_MATH = YES;
				ONLY_ACTIVE_ARCH = YES;
				SDKROOT = iphoneos;
				SWIFT_ACTIVE_COMPILATION_CONDITIONS = DEBUG;
				SWIFT_OPTIMIZATION_LEVEL = "-Onone";
			};
			name = Debug;
		};
		BE3E3CA12891EE4300D9ECE5 /* Release */ = {
			isa = XCBuildConfiguration;
			buildSettings = {
				ALWAYS_SEARCH_USER_PATHS = NO;
				CLANG_ANALYZER_NONNULL = YES;
				CLANG_ANALYZER_NUMBER_OBJECT_CONVERSION = YES_AGGRESSIVE;
				CLANG_CXX_LANGUAGE_STANDARD = "gnu++17";
				CLANG_ENABLE_MODULES = YES;
				CLANG_ENABLE_OBJC_ARC = YES;
				CLANG_ENABLE_OBJC_WEAK = YES;
				CLANG_WARN_BLOCK_CAPTURE_AUTORELEASING = YES;
				CLANG_WARN_BOOL_CONVERSION = YES;
				CLANG_WARN_COMMA = YES;
				CLANG_WARN_CONSTANT_CONVERSION = YES;
				CLANG_WARN_DEPRECATED_OBJC_IMPLEMENTATIONS = YES;
				CLANG_WARN_DIRECT_OBJC_ISA_USAGE = YES_ERROR;
				CLANG_WARN_DOCUMENTATION_COMMENTS = YES;
				CLANG_WARN_EMPTY_BODY = YES;
				CLANG_WARN_ENUM_CONVERSION = YES;
				CLANG_WARN_INFINITE_RECURSION = YES;
				CLANG_WARN_INT_CONVERSION = YES;
				CLANG_WARN_NON_LITERAL_NULL_CONVERSION = YES;
				CLANG_WARN_OBJC_IMPLICIT_RETAIN_SELF = YES;
				CLANG_WARN_OBJC_LITERAL_CONVERSION = YES;
				CLANG_WARN_OBJC_ROOT_CLASS = YES_ERROR;
				CLANG_WARN_QUOTED_INCLUDE_IN_FRAMEWORK_HEADER = YES;
				CLANG_WARN_RANGE_LOOP_ANALYSIS = YES;
				CLANG_WARN_STRICT_PROTOTYPES = YES;
				CLANG_WARN_SUSPICIOUS_MOVE = YES;
				CLANG_WARN_UNGUARDED_AVAILABILITY = YES_AGGRESSIVE;
				CLANG_WARN_UNREACHABLE_CODE = YES;
				CLANG_WARN__DUPLICATE_METHOD_MATCH = YES;
				COPY_PHASE_STRIP = NO;
				DEBUG_INFORMATION_FORMAT = "dwarf-with-dsym";
				ENABLE_NS_ASSERTIONS = NO;
				ENABLE_STRICT_OBJC_MSGSEND = YES;
				GCC_C_LANGUAGE_STANDARD = gnu11;
				GCC_NO_COMMON_BLOCKS = YES;
				GCC_WARN_64_TO_32_BIT_CONVERSION = YES;
				GCC_WARN_ABOUT_RETURN_TYPE = YES_ERROR;
				GCC_WARN_UNDECLARED_SELECTOR = YES;
				GCC_WARN_UNINITIALIZED_AUTOS = YES_AGGRESSIVE;
				GCC_WARN_UNUSED_FUNCTION = YES;
				GCC_WARN_UNUSED_VARIABLE = YES;
				IPHONEOS_DEPLOYMENT_TARGET = 15.5;
				MTL_ENABLE_DEBUG_INFO = NO;
				MTL_FAST_MATH = YES;
				SDKROOT = iphoneos;
				SWIFT_COMPILATION_MODE = wholemodule;
				SWIFT_OPTIMIZATION_LEVEL = "-O";
				VALIDATE_PRODUCT = YES;
			};
			name = Release;
		};
		BE3E3CA32891EE4300D9ECE5 /* Debug */ = {
			isa = XCBuildConfiguration;
			buildSettings = {
				ASSETCATALOG_COMPILER_APPICON_NAME = AppIcon;
				ASSETCATALOG_COMPILER_GLOBAL_ACCENT_COLOR_NAME = AccentColor;
				CODE_SIGN_STYLE = Automatic;
				CURRENT_PROJECT_VERSION = 1;
				DEVELOPMENT_TEAM = 2TK87JWJYL;
				GENERATE_INFOPLIST_FILE = YES;
				INFOPLIST_FILE = finalproject/Info.plist;
				INFOPLIST_KEY_UIApplicationSupportsIndirectInputEvents = YES;
				INFOPLIST_KEY_UILaunchStoryboardName = LaunchScreen;
				INFOPLIST_KEY_UIMainStoryboardFile = Main;
				INFOPLIST_KEY_UISupportedInterfaceOrientations_iPad = "UIInterfaceOrientationPortrait UIInterfaceOrientationPortraitUpsideDown UIInterfaceOrientationLandscapeLeft UIInterfaceOrientationLandscapeRight";
				INFOPLIST_KEY_UISupportedInterfaceOrientations_iPhone = "UIInterfaceOrientationPortrait UIInterfaceOrientationLandscapeLeft UIInterfaceOrientationLandscapeRight";
				LD_RUNPATH_SEARCH_PATHS = (
					"$(inherited)",
					"@executable_path/Frameworks",
				);
				MARKETING_VERSION = 1.0;
				PRODUCT_BUNDLE_IDENTIFIER = final.finalproject;
				PRODUCT_NAME = "$(TARGET_NAME)";
				SWIFT_EMIT_LOC_STRINGS = YES;
				SWIFT_VERSION = 5.0;
				TARGETED_DEVICE_FAMILY = "1,2";
			};
			name = Debug;
		};
		BE3E3CA42891EE4300D9ECE5 /* Release */ = {
			isa = XCBuildConfiguration;
			buildSettings = {
				ASSETCATALOG_COMPILER_APPICON_NAME = AppIcon;
				ASSETCATALOG_COMPILER_GLOBAL_ACCENT_COLOR_NAME = AccentColor;
				CODE_SIGN_STYLE = Automatic;
				CURRENT_PROJECT_VERSION = 1;
				DEVELOPMENT_TEAM = 2TK87JWJYL;
				GENERATE_INFOPLIST_FILE = YES;
				INFOPLIST_FILE = finalproject/Info.plist;
				INFOPLIST_KEY_UIApplicationSupportsIndirectInputEvents = YES;
				INFOPLIST_KEY_UILaunchStoryboardName = LaunchScreen;
				INFOPLIST_KEY_UIMainStoryboardFile = Main;
				INFOPLIST_KEY_UISupportedInterfaceOrientations_iPad = "UIInterfaceOrientationPortrait UIInterfaceOrientationPortraitUpsideDown UIInterfaceOrientationLandscapeLeft UIInterfaceOrientationLandscapeRight";
				INFOPLIST_KEY_UISupportedInterfaceOrientations_iPhone = "UIInterfaceOrientationPortrait UIInterfaceOrientationLandscapeLeft UIInterfaceOrientationLandscapeRight";
				LD_RUNPATH_SEARCH_PATHS = (
					"$(inherited)",
					"@executable_path/Frameworks",
				);
				MARKETING_VERSION = 1.0;
				PRODUCT_BUNDLE_IDENTIFIER = final.finalproject;
				PRODUCT_NAME = "$(TARGET_NAME)";
				SWIFT_EMIT_LOC_STRINGS = YES;
				SWIFT_VERSION = 5.0;
				TARGETED_DEVICE_FAMILY = "1,2";
			};
			name = Release;
		};
/* End XCBuildConfiguration section */

/* Begin XCConfigurationList section */
		BE3E3C892891EE4200D9ECE5 /* Build configuration list for PBXProject "finalproject" */ = {
			isa = XCConfigurationList;
			buildConfigurations = (
				BE3E3CA02891EE4300D9ECE5 /* Debug */,
				BE3E3CA12891EE4300D9ECE5 /* Release */,
			);
			defaultConfigurationIsVisible = 0;
			defaultConfigurationName = Release;
		};
		BE3E3CA22891EE4300D9ECE5 /* Build configuration list for PBXNativeTarget "finalproject" */ = {
			isa = XCConfigurationList;
			buildConfigurations = (
				BE3E3CA32891EE4300D9ECE5 /* Debug */,
				BE3E3CA42891EE4300D9ECE5 /* Release */,
			);
			defaultConfigurationIsVisible = 0;
			defaultConfigurationName = Release;
		};
/* End XCConfigurationList section */
	};
	rootObject = BE3E3C862891EE4200D9ECE5 /* Project object */;
}
